// !$*UTF8*$!
{
	archiveVersion = 1;
	classes = {
	};
	objectVersion = 46;
	objects = {

/* Begin PBXBuildFile section */
		4F9F05A51EAE145D005171ED /* main.m in Sources */ = {isa = PBXBuildFile; fileRef = 4F9F05A41EAE145D005171ED /* main.m */; };
		4F9F05A81EAE145D005171ED /* AppDelegate.m in Sources */ = {isa = PBXBuildFile; fileRef = 4F9F05A71EAE145D005171ED /* AppDelegate.m */; };
		4F9F05AB1EAE145D005171ED /* ViewController.m in Sources */ = {isa = PBXBuildFile; fileRef = 4F9F05AA1EAE145D005171ED /* ViewController.m */; };
		4F9F05AE1EAE145D005171ED /* Main.storyboard in Resources */ = {isa = PBXBuildFile; fileRef = 4F9F05AC1EAE145D005171ED /* Main.storyboard */; };
		4F9F05B01EAE145D005171ED /* Assets.xcassets in Resources */ = {isa = PBXBuildFile; fileRef = 4F9F05AF1EAE145D005171ED /* Assets.xcassets */; };
		4F9F05B31EAE145D005171ED /* LaunchScreen.storyboard in Resources */ = {isa = PBXBuildFile; fileRef = 4F9F05B11EAE145D005171ED /* LaunchScreen.storyboard */; };
		4F9F05BD1EAE1512005171ED /* ERSlideShow.m in Sources */ = {isa = PBXBuildFile; fileRef = 4F9F05BC1EAE1512005171ED /* ERSlideShow.m */; };
/* End PBXBuildFile section */

/* Begin PBXFileReference section */
		4F9F05A01EAE145D005171ED /* ERSlideShow.app */ = {isa = PBXFileReference; explicitFileType = wrapper.application; includeInIndex = 0; path = ERSlideShow.app; sourceTree = BUILT_PRODUCTS_DIR; };
		4F9F05A41EAE145D005171ED /* main.m */ = {isa = PBXFileReference; lastKnownFileType = sourcecode.c.objc; path = main.m; sourceTree = "<group>"; };
		4F9F05A61EAE145D005171ED /* AppDelegate.h */ = {isa = PBXFileReference; lastKnownFileType = sourcecode.c.h; path = AppDelegate.h; sourceTree = "<group>"; };
		4F9F05A71EAE145D005171ED /* AppDelegate.m */ = {isa = PBXFileReference; lastKnownFileType = sourcecode.c.objc; path = AppDelegate.m; sourceTree = "<group>"; };
		4F9F05A91EAE145D005171ED /* ViewController.h */ = {isa = PBXFileReference; lastKnownFileType = sourcecode.c.h; path = ViewController.h; sourceTree = "<group>"; };
		4F9F05AA1EAE145D005171ED /* ViewController.m */ = {isa = PBXFileReference; lastKnownFileType = sourcecode.c.objc; path = ViewController.m; sourceTree = "<group>"; };
		4F9F05AD1EAE145D005171ED /* Base */ = {isa = PBXFileReference; lastKnownFileType = file.storyboard; name = Base; path = Base.lproj/Main.storyboard; sourceTree = "<group>"; };
		4F9F05AF1EAE145D005171ED /* Assets.xcassets */ = {isa = PBXFileReference; lastKnownFileType = folder.assetcatalog; path = Assets.xcassets; sourceTree = "<group>"; };
		4F9F05B21EAE145D005171ED /* Base */ = {isa = PBXFileReference; lastKnownFileType = file.storyboard; name = Base; path = Base.lproj/LaunchScreen.storyboard; sourceTree = "<group>"; };
		4F9F05B41EAE145D005171ED /* Info.plist */ = {isa = PBXFileReference; lastKnownFileType = text.plist.xml; path = Info.plist; sourceTree = "<group>"; };
		4F9F05BB1EAE1512005171ED /* ERSlideShow.h */ = {isa = PBXFileReference; fileEncoding = 4; lastKnownFileType = sourcecode.c.h; name = ERSlideShow.h; path = ERSlideShow/ERSlideShow.h; sourceTree = "<group>"; };
		4F9F05BC1EAE1512005171ED /* ERSlideShow.m */ = {isa = PBXFileReference; fileEncoding = 4; lastKnownFileType = sourcecode.c.objc; name = ERSlideShow.m; path = ERSlideShow/ERSlideShow.m; sourceTree = "<group>"; };
/* End PBXFileReference section */

/* Begin PBXFrameworksBuildPhase section */
		4F9F059D1EAE145D005171ED /* Frameworks */ = {
			isa = PBXFrameworksBuildPhase;
			buildActionMask = 2147483647;
			files = (
			);
			runOnlyForDeploymentPostprocessing = 0;
		};
/* End PBXFrameworksBuildPhase section */

/* Begin PBXGroup section */
		4F9F05971EAE145D005171ED = {
			isa = PBXGroup;
			children = (
				4F9F05A21EAE145D005171ED /* ERSlideShow */,
				4F9F05A11EAE145D005171ED /* Products */,
			);
			sourceTree = "<group>";
		};
		4F9F05A11EAE145D005171ED /* Products */ = {
			isa = PBXGroup;
			children = (
				4F9F05A01EAE145D005171ED /* ERSlideShow.app */,
			);
			name = Products;
			sourceTree = "<group>";
		};
		4F9F05A21EAE145D005171ED /* ERSlideShow */ = {
			isa = PBXGroup;
			children = (
				4F9F05BE1EAE1516005171ED /* ERSlideShow */,
				4F9F05A61EAE145D005171ED /* AppDelegate.h */,
				4F9F05A71EAE145D005171ED /* AppDelegate.m */,
				4F9F05A91EAE145D005171ED /* ViewController.h */,
				4F9F05AA1EAE145D005171ED /* ViewController.m */,
				4F9F05AC1EAE145D005171ED /* Main.storyboard */,
				4F9F05AF1EAE145D005171ED /* Assets.xcassets */,
				4F9F05B11EAE145D005171ED /* LaunchScreen.storyboard */,
				4F9F05B41EAE145D005171ED /* Info.plist */,
				4F9F05A31EAE145D005171ED /* Supporting Files */,
			);
			path = ERSlideShow;
			sourceTree = "<group>";
		};
		4F9F05A31EAE145D005171ED /* Supporting Files */ = {
			isa = PBXGroup;
			children = (
				4F9F05A41EAE145D005171ED /* main.m */,
			);
			name = "Supporting Files";
			sourceTree = "<group>";
		};
		4F9F05BE1EAE1516005171ED /* ERSlideShow */ = {
			isa = PBXGroup;
			children = (
				4F9F05BB1EAE1512005171ED /* ERSlideShow.h */,
				4F9F05BC1EAE1512005171ED /* ERSlideShow.m */,
			);
			name = ERSlideShow;
			sourceTree = "<group>";
		};
/* End PBXGroup section */

/* Begin PBXNativeTarget section */
		4F9F059F1EAE145D005171ED /* ERSlideShow */ = {
			isa = PBXNativeTarget;
			buildConfigurationList = 4F9F05B71EAE145D005171ED /* Build configuration list for PBXNativeTarget "ERSlideShow" */;
			buildPhases = (
				4F9F059C1EAE145D005171ED /* Sources */,
				4F9F059D1EAE145D005171ED /* Frameworks */,
				4F9F059E1EAE145D005171ED /* Resources */,
			);
			buildRules = (
			);
			dependencies = (
			);
			name = ERSlideShow;
			productName = ERSlideShow;
			productReference = 4F9F05A01EAE145D005171ED /* ERSlideShow.app */;
			productType = "com.apple.product-type.application";
		};
/* End PBXNativeTarget section */

/* Begin PBXProject section */
		4F9F05981EAE145D005171ED /* Project object */ = {
			isa = PBXProject;
			attributes = {
				LastUpgradeCheck = 0730;
				ORGANIZATIONNAME = CmST0us;
				TargetAttributes = {
					4F9F059F1EAE145D005171ED = {
						CreatedOnToolsVersion = 7.3.1;
					};
				};
			};
			buildConfigurationList = 4F9F059B1EAE145D005171ED /* Build configuration list for PBXProject "ERSlideShow" */;
			compatibilityVersion = "Xcode 3.2";
			developmentRegion = English;
			hasScannedForEncodings = 0;
			knownRegions = (
				en,
				Base,
			);
			mainGroup = 4F9F05971EAE145D005171ED;
			productRefGroup = 4F9F05A11EAE145D005171ED /* Products */;
			projectDirPath = "";
			projectRoot = "";
			targets = (
				4F9F059F1EAE145D005171ED /* ERSlideShow */,
			);
		};
/* End PBXProject section */

/* Begin PBXResourcesBuildPhase section */
		4F9F059E1EAE145D005171ED /* Resources */ = {
			isa = PBXResourcesBuildPhase;
			buildActionMask = 2147483647;
			files = (
				4F9F05B31EAE145D005171ED /* LaunchScreen.storyboard in Resources */,
				4F9F05B01EAE145D005171ED /* Assets.xcassets in Resources */,
				4F9F05AE1EAE145D005171ED /* Main.storyboard in Resources */,
			);
			runOnlyForDeploymentPostprocessing = 0;
		};
/* End PBXResourcesBuildPhase section */

/* Begin PBXSourcesBuildPhase section */
		4F9F059C1EAE145D005171ED /* Sources */ = {
			isa = PBXSourcesBuildPhase;
			buildActionMask = 2147483647;
			files = (
				4F9F05AB1EAE145D005171ED /* ViewController.m in Sources */,
				4F9F05BD1EAE1512005171ED /* ERSlideShow.m in Sources */,
				4F9F05A81EAE145D005171ED /* AppDelegate.m in Sources */,
				4F9F05A51EAE145D005171ED /* main.m in Sources */,
			);
			runOnlyForDeploymentPostprocessing = 0;
		};
/* End PBXSourcesBuildPhase section */

/* Begin PBXVariantGroup section */
		4F9F05AC1EAE145D005171ED /* Main.storyboard */ = {
			isa = PBXVariantGroup;
			children = (
				4F9F05AD1EAE145D005171ED /* Base */,
			);
			name = Main.storyboard;
			sourceTree = "<group>";
		};
		4F9F05B11EAE145D005171ED /* LaunchScreen.storyboard */ = {
			isa = PBXVariantGroup;
			children = (
				4F9F05B21EAE145D005171ED /* Base */,
			);
			name = LaunchScreen.storyboard;
			sourceTree = "<group>";
		};
/* End PBXVariantGroup section */

/* Begin XCBuildConfiguration section */
		4F9F05B51EAE145D005171ED /* Debug */ = {
			isa = XCBuildConfiguration;
			buildSettings = {
				ALWAYS_SEARCH_USER_PATHS = NO;
				CLANG_ANALYZER_NONNULL = YES;
				CLANG_CXX_LANGUAGE_STANDARD = "gnu++0x";
				CLANG_CXX_LIBRARY = "libc++";
				CLANG_ENABLE_MODULES = YES;
				CLANG_ENABLE_OBJC_ARC = YES;
				CLANG_WARN_BOOL_CONVERSION = YES;
				CLANG_WARN_CONSTANT_CONVERSION = YES;
				CLANG_WARN_DIRECT_OBJC_ISA_USAGE = YES_ERROR;
				CLANG_WARN_EMPTY_BODY = YES;
				CLANG_WARN_ENUM_CONVERSION = YES;
				CLANG_WARN_INT_CONVERSION = YES;
				CLANG_WARN_OBJC_ROOT_CLASS = YES_ERROR;
				CLANG_WARN_UNREACHABLE_CODE = YES;
				CLANG_WARN__DUPLICATE_METHOD_MATCH = YES;
				"CODE_SIGN_IDENTITY[sdk=iphoneos*]" = "iPhone Developer";
				COPY_PHASE_STRIP = NO;
				DEBUG_INFORMATION_FORMAT = dwarf;
				ENABLE_STRICT_OBJC_MSGSEND = YES;
				ENABLE_TESTABILITY = YES;
				GCC_C_LANGUAGE_STANDARD = gnu99;
				GCC_DYNAMIC_NO_PIC = NO;
				GCC_NO_COMMON_BLOCKS = YES;
				GCC_OPTIMIZATION_LEVEL = 0;
				GCC_PREPROCESSOR_DEFINITIONS = (
					"DEBUG=1",
					"$(inherited)",
				);
				GCC_WARN_64_TO_32_BIT_CONVERSION = YES;
				GCC_WARN_ABOUT_RETURN_TYPE = YES_ERROR;
				GCC_WARN_UNDECLARED_SELECTOR = YES;
				GCC_WARN_UNINITIALIZED_AUTOS = YES_AGGRESSIVE;
				GCC_WARN_UNUSED_FUNCTION = YES;
				GCC_WARN_UNUSED_VARIABLE = YES;
				IPHONEOS_DEPLOYMENT_TARGET = 9.3;
				MTL_ENABLE_DEBUG_INFO = YES;
				ONLY_ACTIVE_ARCH = YES;
				SDKROOT = iphoneos;
			};
			name = Debug;
		};
		4F9F05B61EAE145D005171ED /* Release */ = {
			isa = XCBuildConfiguration;
			buildSettings = {
				ALWAYS_SEARCH_USER_PATHS = NO;
				CLANG_ANALYZER_NONNULL = YES;
				CLANG_CXX_LANGUAGE_STANDARD = "gnu++0x";
				CLANG_CXX_LIBRARY = "libc++";
				CLANG_ENABLE_MODULES = YES;
				CLANG_ENABLE_OBJC_ARC = YES;
				CLANG_WARN_BOOL_CONVERSION = YES;
				CLANG_WARN_CONSTANT_CONVERSION = YES;
				CLANG_WARN_DIRECT_OBJC_ISA_USAGE = YES_ERROR;
				CLANG_WARN_EMPTY_BODY = YES;
				CLANG_WARN_ENUM_CONVERSION = YES;
				CLANG_WARN_INT_CONVERSION = YES;
				CLANG_WARN_OBJC_ROOT_CLASS = YES_ERROR;
				CLANG_WARN_UNREACHABLE_CODE = YES;
				CLANG_WARN__DUPLICATE_METHOD_MATCH = YES;
				"CODE_SIGN_IDENTITY[sdk=iphoneos*]" = "iPhone Developer";
				COPY_PHASE_STRIP = NO;
				DEBUG_INFORMATION_FORMAT = "dwarf-with-dsym";
				ENABLE_NS_ASSERTIONS = NO;
				ENABLE_STRICT_OBJC_MSGSEND = YES;
				GCC_C_LANGUAGE_STANDARD = gnu99;
				GCC_NO_COMMON_BLOCKS = YES;
				GCC_WARN_64_TO_32_BIT_CONVERSION = YES;
				GCC_WARN_ABOUT_RETURN_TYPE = YES_ERROR;
				GCC_WARN_UNDECLARED_SELECTOR = YES;
				GCC_WARN_UNINITIALIZED_AUTOS = YES_AGGRESSIVE;
				GCC_WARN_UNUSED_FUNCTION = YES;
				GCC_WARN_UNUSED_VARIABLE = YES;
				IPHONEOS_DEPLOYMENT_TARGET = 9.3;
				MTL_ENABLE_DEBUG_INFO = NO;
				SDKROOT = iphoneos;
				VALIDATE_PRODUCT = YES;
			};
			name = Release;
		};
		4F9F05B81EAE145D005171ED /* Debug */ = {
			isa = XCBuildConfiguration;
			buildSettings = {
				ASSETCATALOG_COMPILER_APPICON_NAME = AppIcon;
				INFOPLIST_FILE = ERSlideShow/Info.plist;
				IPHONEOS_DEPLOYMENT_TARGET = 8.0;
				LD_RUNPATH_SEARCH_PATHS = "$(inherited) @executable_path/Frameworks";
				PRODUCT_BUNDLE_IDENTIFIER = com.CmST0us.ERSlideShow;
				PRODUCT_NAME = "$(TARGET_NAME)";
			};
			name = Debug;
		};
		4F9F05B91EAE145D005171ED /* Release */ = {
			isa = XCBuildConfiguration;
			buildSettings = {
				ASSETCATALOG_COMPILER_APPICON_NAME = AppIcon;
				INFOPLIST_FILE = ERSlideShow/Info.plist;
				IPHONEOS_DEPLOYMENT_TARGET = 8.0;
				LD_RUNPATH_SEARCH_PATHS = "$(inherited) @executable_path/Frameworks";
				PRODUCT_BUNDLE_IDENTIFIER = com.CmST0us.ERSlideShow;
				PRODUCT_NAME = "$(TARGET_NAME)";
			};
			name = Release;
		};
/* End XCBuildConfiguration section */

/* Begin XCConfigurationList section */
		4F9F059B1EAE145D005171ED /* Build configuration list for PBXProject "ERSlideShow" */ = {
			isa = XCConfigurationList;
			buildConfigurations = (
				4F9F05B51EAE145D005171ED /* Debug */,
				4F9F05B61EAE145D005171ED /* Release */,
			);
			defaultConfigurationIsVisible = 0;
			defaultConfigurationName = Release;
		};
		4F9F05B71EAE145D005171ED /* Build configuration list for PBXNativeTarget "ERSlideShow" */ = {
			isa = XCConfigurationList;
			buildConfigurations = (
				4F9F05B81EAE145D005171ED /* Debug */,
				4F9F05B91EAE145D005171ED /* Release */,
			);
			defaultConfigurationIsVisible = 0;
			defaultConfigurationName = Release;
		};
/* End XCConfigurationList section */
	};
	rootObject = 4F9F05981EAE145D005171ED /* Project object */;
}
